
Microsoft Visual Studio Solution File, Format Version 12.00
# Visual Studio 15
VisualStudioVersion = 15.0.28307.757
MinimumVisualStudioVersion = 10.0.40219.1
Project("{FAE04EC0-301F-11D3-BF4B-00C04F79EFBC}") = "MSUniversity", "MSUniversity\MSUniversity.csproj", "{F712410C-FB7B-4D01-BA1C-3D23BFF8A98C}"
EndProject
Project("{FAE04EC0-301F-11D3-BF4B-00C04F79EFBC}") = "MSUniversity.Models", "MSUniversity.Models\MSUniversity.Models.csproj", "{4179FA44-749B-469C-B7C3-C0CB59346CED}"
EndProject
Project("{FAE04EC0-301F-11D3-BF4B-00C04F79EFBC}") = "MSUniversity.BLL", "MSUniversity.BLL\MSUniversity.BLL.csproj", "{7BCFA594-1E73-4F3E-A2A3-7A04E3DFEA4C}"
EndProject
Project("{FAE04EC0-301F-11D3-BF4B-00C04F79EFBC}") = "MSUniversity.DAL", "MSUniversity.DAL\MSUniversity.DAL.csproj", "{4B3C4634-B305-4A74-A1D1-0C0F8B851574}"
EndProject
Project("{FAE04EC0-301F-11D3-BF4B-00C04F79EFBC}") = "MSUniversity.ViewModels", "MSUniversity.ViewModels\MSUniversity.ViewModels.csproj", "{C81C1F91-D400-4218-A23C-D4A5082614A3}"
EndProject
Global
	GlobalSection(SolutionConfigurationPlatforms) = preSolution
		Debug|Any CPU = Debug|Any CPU
		Release|Any CPU = Release|Any CPU
	EndGlobalSection
	GlobalSection(ProjectConfigurationPlatforms) = postSolution
		{F712410C-FB7B-4D01-BA1C-3D23BFF8A98C}.Debug|Any CPU.ActiveCfg = Debug|Any CPU
		{F712410C-FB7B-4D01-BA1C-3D23BFF8A98C}.Debug|Any CPU.Build.0 = Debug|Any CPU
		{F712410C-FB7B-4D01-BA1C-3D23BFF8A98C}.Release|Any CPU.ActiveCfg = Release|Any CPU
		{F712410C-FB7B-4D01-BA1C-3D23BFF8A98C}.Release|Any CPU.Build.0 = Release|Any CPU
		{4179FA44-749B-469C-B7C3-C0CB59346CED}.Debug|Any CPU.ActiveCfg = Debug|Any CPU
		{4179FA44-749B-469C-B7C3-C0CB59346CED}.Debug|Any CPU.Build.0 = Debug|Any CPU
		{4179FA44-749B-469C-B7C3-C0CB59346CED}.Release|Any CPU.ActiveCfg = Release|Any CPU
		{4179FA44-749B-469C-B7C3-C0CB59346CED}.Release|Any CPU.Build.0 = Release|Any CPU
		{7BCFA594-1E73-4F3E-A2A3-7A04E3DFEA4C}.Debug|Any CPU.ActiveCfg = Debug|Any CPU
		{7BCFA594-1E73-4F3E-A2A3-7A04E3DFEA4C}.Debug|Any CPU.Build.0 = Debug|Any CPU
		{7BCFA594-1E73-4F3E-A2A3-7A04E3DFEA4C}.Release|Any CPU.ActiveCfg = Release|Any CPU
		{7BCFA594-1E73-4F3E-A2A3-7A04E3DFEA4C}.Release|Any CPU.Build.0 = Release|Any CPU
		{4B3C4634-B305-4A74-A1D1-0C0F8B851574}.Debug|Any CPU.ActiveCfg = Debug|Any CPU
		{4B3C4634-B305-4A74-A1D1-0C0F8B851574}.Debug|Any CPU.Build.0 = Debug|Any CPU
		{4B3C4634-B305-4A74-A1D1-0C0F8B851574}.Release|Any CPU.ActiveCfg = Release|Any CPU
		{4B3C4634-B305-4A74-A1D1-0C0F8B851574}.Release|Any CPU.Build.0 = Release|Any CPU
		{C81C1F91-D400-4218-A23C-D4A5082614A3}.Debug|Any CPU.ActiveCfg = Debug|Any CPU
		{C81C1F91-D400-4218-A23C-D4A5082614A3}.Debug|Any CPU.Build.0 = Debug|Any CPU
		{C81C1F91-D400-4218-A23C-D4A5082614A3}.Release|Any CPU.ActiveCfg = Release|Any CPU
		{C81C1F91-D400-4218-A23C-D4A5082614A3}.Release|Any CPU.Build.0 = Release|Any CPU
	EndGlobalSection
	GlobalSection(SolutionProperties) = preSolution
		HideSolutionNode = FALSE
	EndGlobalSection
	GlobalSection(ExtensibilityGlobals) = postSolution
		SolutionGuid = {95B7A632-720E-4E4B-887C-1B549C96782D}
	EndGlobalSection
EndGlobal
